
Microsoft Visual Studio Solution File, Format Version 12.00
# Visual Studio Version 16
VisualStudioVersion = 16.0.31005.135
MinimumVisualStudioVersion = 10.0.40219.1
Project("{FAE04EC0-301F-11D3-BF4B-00C04F79EFBC}") = "cs471-project2", "cs471-project2\cs471-project2.csproj", "{55931748-A9ED-4090-AD79-9ED351FC9037}"
EndProject
Global
	GlobalSection(SolutionConfigurationPlatforms) = preSolution
		Debug|Any CPU = Debug|Any CPU
		Release|Any CPU = Release|Any CPU
	EndGlobalSection
	GlobalSection(ProjectConfigurationPlatforms) = postSolution
		{55931748-A9ED-4090-AD79-9ED351FC9037}.Debug|Any CPU.ActiveCfg = Debug|Any CPU
		{55931748-A9ED-4090-AD79-9ED351FC9037}.Debug|Any CPU.Build.0 = Debug|Any CPU
		{55931748-A9ED-4090-AD79-9ED351FC9037}.Release|Any CPU.ActiveCfg = Release|Any CPU
		{55931748-A9ED-4090-AD79-9ED351FC9037}.Release|Any CPU.Build.0 = Release|Any CPU
	EndGlobalSection
	GlobalSection(SolutionProperties) = preSolution
		HideSolutionNode = FALSE
	EndGlobalSection
	GlobalSection(ExtensibilityGlobals) = postSolution
		SolutionGuid = {2EF58B92-2BD5-48F7-B600-188A84E6E14C}
	EndGlobalSection
EndGlobal
